# This file was autogenerated by Stack.
# You should not edit this file by hand.
# For more information, please see the documentation at:
#   https://docs.haskellstack.org/en/stable/lock_files

packages:
- completed:
    hackage: hw-kafka-client-5.0.0@sha256:99ce4899a39e3be37acf013a2f8f12761e868bf9777c0135547fcfb4c6fbf882,4861
    pantry-tree:
      sha256: d87af59eabad9c90fdf2d778740374911dd3b15b767c8e9fe5ba33244f8952f7
      size: 2056
  original:
    hackage: hw-kafka-client-5.0.0
snapshots:
- completed:
    sha256: 17870c63f8041ac17a38096124abeb953cb14d84bfc96deb88f9b24daa97b347
    size: 649332
    url: https://raw.githubusercontent.com/commercialhaskell/stackage-snapshots/master/lts/20/10.yaml
  original:
    url: https://raw.githubusercontent.com/commercialhaskell/stackage-snapshots/master/lts/20/10.yaml
